
Microsoft Visual Studio Solution File, Format Version 12.00
# Visual Studio Version 16
VisualStudioVersion = 16.0.30011.22
MinimumVisualStudioVersion = 10.0.40219.1
Project("{9A19103F-16F7-4668-BE54-9A1E7A4F7556}") = "ConsoleApp", "ConsoleApp\ConsoleApp.csproj", "{01A1C1DD-C382-4315-80EA-B3F68422E6DD}"
EndProject
Project("{9A19103F-16F7-4668-BE54-9A1E7A4F7556}") = "HashCore", "HashCore\HashCore.csproj", "{4FEF0E80-D6F3-439F-865A-0682548B1986}"
EndProject
Project("{FAE04EC0-301F-11D3-BF4B-00C04F79EFBC}") = "HashCore.Test", "HashCore.Test\HashCore.Test.csproj", "{4F454092-7585-458A-AAB3-107E96523CCB}"
EndProject
Global
	GlobalSection(SolutionConfigurationPlatforms) = preSolution
		Debug|Any CPU = Debug|Any CPU
		Release|Any CPU = Release|Any CPU
	EndGlobalSection
	GlobalSection(ProjectConfigurationPlatforms) = postSolution
		{01A1C1DD-C382-4315-80EA-B3F68422E6DD}.Debug|Any CPU.ActiveCfg = Debug|Any CPU
		{01A1C1DD-C382-4315-80EA-B3F68422E6DD}.Debug|Any CPU.Build.0 = Debug|Any CPU
		{01A1C1DD-C382-4315-80EA-B3F68422E6DD}.Release|Any CPU.ActiveCfg = Release|Any CPU
		{01A1C1DD-C382-4315-80EA-B3F68422E6DD}.Release|Any CPU.Build.0 = Release|Any CPU
		{4FEF0E80-D6F3-439F-865A-0682548B1986}.Debug|Any CPU.ActiveCfg = Debug|Any CPU
		{4FEF0E80-D6F3-439F-865A-0682548B1986}.Debug|Any CPU.Build.0 = Debug|Any CPU
		{4FEF0E80-D6F3-439F-865A-0682548B1986}.Release|Any CPU.ActiveCfg = Release|Any CPU
		{4FEF0E80-D6F3-439F-865A-0682548B1986}.Release|Any CPU.Build.0 = Release|Any CPU
		{4F454092-7585-458A-AAB3-107E96523CCB}.Debug|Any CPU.ActiveCfg = Debug|Any CPU
		{4F454092-7585-458A-AAB3-107E96523CCB}.Debug|Any CPU.Build.0 = Debug|Any CPU
		{4F454092-7585-458A-AAB3-107E96523CCB}.Release|Any CPU.ActiveCfg = Release|Any CPU
		{4F454092-7585-458A-AAB3-107E96523CCB}.Release|Any CPU.Build.0 = Release|Any CPU
	EndGlobalSection
	GlobalSection(SolutionProperties) = preSolution
		HideSolutionNode = FALSE
	EndGlobalSection
	GlobalSection(ExtensibilityGlobals) = postSolution
		SolutionGuid = {46D0B511-0B1A-41C4-B7DB-454060F1A010}
	EndGlobalSection
EndGlobal
